
Microsoft Visual Studio Solution File, Format Version 12.00
# Visual Studio Version 17
VisualStudioVersion = 17.4.32804.182
MinimumVisualStudioVersion = 10.0.40219.1
Project("{FAE04EC0-301F-11D3-BF4B-00C04F79EFBC}") = "TestProject.WPF", "TestProject.WPF\TestProject.WPF.csproj", "{51F7C844-8378-49D4-9839-265DF2632144}"
EndProject
Global
	GlobalSection(SolutionConfigurationPlatforms) = preSolution
		Debug|Any CPU = Debug|Any CPU
		Release|Any CPU = Release|Any CPU
	EndGlobalSection
	GlobalSection(ProjectConfigurationPlatforms) = postSolution
		{51F7C844-8378-49D4-9839-265DF2632144}.Debug|Any CPU.ActiveCfg = Debug|Any CPU
		{51F7C844-8378-49D4-9839-265DF2632144}.Debug|Any CPU.Build.0 = Debug|Any CPU
		{51F7C844-8378-49D4-9839-265DF2632144}.Release|Any CPU.ActiveCfg = Release|Any CPU
		{51F7C844-8378-49D4-9839-265DF2632144}.Release|Any CPU.Build.0 = Release|Any CPU
	EndGlobalSection
	GlobalSection(SolutionProperties) = preSolution
		HideSolutionNode = FALSE
	EndGlobalSection
	GlobalSection(ExtensibilityGlobals) = postSolution
		SolutionGuid = {8413A34F-C1E6-41FB-8006-8DEAFE3F5DFF}
	EndGlobalSection
EndGlobal
